Microsoft Visual Studio Solution File, Format Version 12.00
# Visual Studio Version 17
VisualStudioVersion = 17.5.2.0
MinimumVisualStudioVersion = 10.0.40219.1
Project("{FAE04EC0-301F-11D3-BF4B-00C04F79EFBC}") = "rewst-cosmos-middleware", "rewst-cosmos-middleware.csproj", "{265C758C-7FC5-F812-3CA5-8E1A1ECCF90B}"
EndProject
Global
	GlobalSection(SolutionConfigurationPlatforms) = preSolution
		Debug|Any CPU = Debug|Any CPU
		Release|Any CPU = Release|Any CPU
	EndGlobalSection
	GlobalSection(ProjectConfigurationPlatforms) = postSolution
		{265C758C-7FC5-F812-3CA5-8E1A1ECCF90B}.Debug|Any CPU.ActiveCfg = Debug|Any CPU
		{265C758C-7FC5-F812-3CA5-8E1A1ECCF90B}.Debug|Any CPU.Build.0 = Debug|Any CPU
		{265C758C-7FC5-F812-3CA5-8E1A1ECCF90B}.Release|Any CPU.ActiveCfg = Release|Any CPU
		{265C758C-7FC5-F812-3CA5-8E1A1ECCF90B}.Release|Any CPU.Build.0 = Release|Any CPU
	EndGlobalSection
	GlobalSection(SolutionProperties) = preSolution
		HideSolutionNode = FALSE
	EndGlobalSection
	GlobalSection(ExtensibilityGlobals) = postSolution
		SolutionGuid = {6E98ABA0-4307-458C-A604-B3692EF2E72B}
	EndGlobalSection
EndGlobal
